
Microsoft Visual Studio Solution File, Format Version 12.00
# Visual Studio 15
VisualStudioVersion = 15.0.28307.572
MinimumVisualStudioVersion = 10.0.40219.1
Project("{FAE04EC0-301F-11D3-BF4B-00C04F79EFBC}") = "ClientFrontend", "ClientFrontend\ClientFrontend.csproj", "{4DCBC00C-2388-46A7-AC17-68FB2C85D217}"
EndProject
Project("{FAE04EC0-301F-11D3-BF4B-00C04F79EFBC}") = "IO.Swagger", "..\csharksdk\src\IO.Swagger\IO.Swagger.csproj", "{02407D98-7332-43B3-BE2D-839AE0ACD13D}"
EndProject
Global
	GlobalSection(SolutionConfigurationPlatforms) = preSolution
		Debug|Any CPU = Debug|Any CPU
		Release|Any CPU = Release|Any CPU
	EndGlobalSection
	GlobalSection(ProjectConfigurationPlatforms) = postSolution
		{4DCBC00C-2388-46A7-AC17-68FB2C85D217}.Debug|Any CPU.ActiveCfg = Debug|Any CPU
		{4DCBC00C-2388-46A7-AC17-68FB2C85D217}.Debug|Any CPU.Build.0 = Debug|Any CPU
		{4DCBC00C-2388-46A7-AC17-68FB2C85D217}.Release|Any CPU.ActiveCfg = Release|Any CPU
		{4DCBC00C-2388-46A7-AC17-68FB2C85D217}.Release|Any CPU.Build.0 = Release|Any CPU
		{02407D98-7332-43B3-BE2D-839AE0ACD13D}.Debug|Any CPU.ActiveCfg = Debug|Any CPU
		{02407D98-7332-43B3-BE2D-839AE0ACD13D}.Debug|Any CPU.Build.0 = Debug|Any CPU
		{02407D98-7332-43B3-BE2D-839AE0ACD13D}.Release|Any CPU.ActiveCfg = Release|Any CPU
		{02407D98-7332-43B3-BE2D-839AE0ACD13D}.Release|Any CPU.Build.0 = Release|Any CPU
	EndGlobalSection
	GlobalSection(SolutionProperties) = preSolution
		HideSolutionNode = FALSE
	EndGlobalSection
	GlobalSection(ExtensibilityGlobals) = postSolution
		SolutionGuid = {65704505-DAEC-46A4-9D9C-FF184A510E8F}
	EndGlobalSection
EndGlobal
